// !$*UTF8*$!
{
	archiveVersion = 1;
	classes = {
	};
	objectVersion = 50;
	objects = {

/* Begin PBXBuildFile section */
		7E6F0CA32314F5A700D81340 /* AppDelegate.swift in Sources */ = {isa = PBXBuildFile; fileRef = 7E6F0CA22314F5A700D81340 /* AppDelegate.swift */; };
		7E6F0CA52314F5A700D81340 /* DateDescriptionVC.swift in Sources */ = {isa = PBXBuildFile; fileRef = 7E6F0CA42314F5A700D81340 /* DateDescriptionVC.swift */; };
		7E6F0CA82314F5A700D81340 /* Main.storyboard in Resources */ = {isa = PBXBuildFile; fileRef = 7E6F0CA62314F5A700D81340 /* Main.storyboard */; };
		7E6F0CAA2314F5A800D81340 /* Assets.xcassets in Resources */ = {isa = PBXBuildFile; fileRef = 7E6F0CA92314F5A800D81340 /* Assets.xcassets */; };
		7E6F0CAD2314F5A800D81340 /* LaunchScreen.storyboard in Resources */ = {isa = PBXBuildFile; fileRef = 7E6F0CAB2314F5A800D81340 /* LaunchScreen.storyboard */; };
		7E6F0CB82314F89800D81340 /* CCPDate.swift in Sources */ = {isa = PBXBuildFile; fileRef = 7E6F0CB72314F89800D81340 /* CCPDate.swift */; };
		7E6F0CBC2314FA2A00D81340 /* CCPDateCalculation.swift in Sources */ = {isa = PBXBuildFile; fileRef = 7E6F0CBB2314FA2A00D81340 /* CCPDateCalculation.swift */; };
		7E6F0CBE2314FA3300D81340 /* CCPDateDescription.swift in Sources */ = {isa = PBXBuildFile; fileRef = 7E6F0CBD2314FA3300D81340 /* CCPDateDescription.swift */; };
		7E6F0CC02314FD0500D81340 /* CCPDateComponents.swift in Sources */ = {isa = PBXBuildFile; fileRef = 7E6F0CBF2314FD0500D81340 /* CCPDateComponents.swift */; };
		7E6F0CD1231533DA00D81340 /* DateComponentsVC.swift in Sources */ = {isa = PBXBuildFile; fileRef = 7E6F0CD0231533DA00D81340 /* DateComponentsVC.swift */; };
		7E6F0CD3231657C900D81340 /* DateCompareVC.swift in Sources */ = {isa = PBXBuildFile; fileRef = 7E6F0CD2231657C900D81340 /* DateCompareVC.swift */; };
/* End PBXBuildFile section */

/* Begin PBXFileReference section */
		7E6F0C9F2314F5A700D81340 /* CCPDate.app */ = {isa = PBXFileReference; explicitFileType = wrapper.application; includeInIndex = 0; path = CCPDate.app; sourceTree = BUILT_PRODUCTS_DIR; };
		7E6F0CA22314F5A700D81340 /* AppDelegate.swift */ = {isa = PBXFileReference; lastKnownFileType = sourcecode.swift; path = AppDelegate.swift; sourceTree = "<group>"; };
		7E6F0CA42314F5A700D81340 /* DateDescriptionVC.swift */ = {isa = PBXFileReference; lastKnownFileType = sourcecode.swift; path = DateDescriptionVC.swift; sourceTree = "<group>"; };
		7E6F0CA72314F5A700D81340 /* Base */ = {isa = PBXFileReference; lastKnownFileType = file.storyboard; name = Base; path = Base.lproj/Main.storyboard; sourceTree = "<group>"; };
		7E6F0CA92314F5A800D81340 /* Assets.xcassets */ = {isa = PBXFileReference; lastKnownFileType = folder.assetcatalog; path = Assets.xcassets; sourceTree = "<group>"; };
		7E6F0CAC2314F5A800D81340 /* Base */ = {isa = PBXFileReference; lastKnownFileType = file.storyboard; name = Base; path = Base.lproj/LaunchScreen.storyboard; sourceTree = "<group>"; };
		7E6F0CAE2314F5A800D81340 /* Info.plist */ = {isa = PBXFileReference; lastKnownFileType = text.plist.xml; path = Info.plist; sourceTree = "<group>"; };
		7E6F0CB72314F89800D81340 /* CCPDate.swift */ = {isa = PBXFileReference; lastKnownFileType = sourcecode.swift; path = CCPDate.swift; sourceTree = "<group>"; };
		7E6F0CBB2314FA2A00D81340 /* CCPDateCalculation.swift */ = {isa = PBXFileReference; lastKnownFileType = sourcecode.swift; path = CCPDateCalculation.swift; sourceTree = "<group>"; };
		7E6F0CBD2314FA3300D81340 /* CCPDateDescription.swift */ = {isa = PBXFileReference; lastKnownFileType = sourcecode.swift; path = CCPDateDescription.swift; sourceTree = "<group>"; };
		7E6F0CBF2314FD0500D81340 /* CCPDateComponents.swift */ = {isa = PBXFileReference; lastKnownFileType = sourcecode.swift; path = CCPDateComponents.swift; sourceTree = "<group>"; };
		7E6F0CD0231533DA00D81340 /* DateComponentsVC.swift */ = {isa = PBXFileReference; lastKnownFileType = sourcecode.swift; path = DateComponentsVC.swift; sourceTree = "<group>"; };
		7E6F0CD2231657C900D81340 /* DateCompareVC.swift */ = {isa = PBXFileReference; lastKnownFileType = sourcecode.swift; path = DateCompareVC.swift; sourceTree = "<group>"; };
/* End PBXFileReference section */

/* Begin PBXFrameworksBuildPhase section */
		7E6F0C9C2314F5A700D81340 /* Frameworks */ = {
			isa = PBXFrameworksBuildPhase;
			buildActionMask = 2147483647;
			files = (
			);
			runOnlyForDeploymentPostprocessing = 0;
		};
/* End PBXFrameworksBuildPhase section */

/* Begin PBXGroup section */
		7E6F0C962314F5A700D81340 = {
			isa = PBXGroup;
			children = (
				7E6F0CA12314F5A700D81340 /* CCPDate */,
				7E6F0CA02314F5A700D81340 /* Products */,
			);
			sourceTree = "<group>";
		};
		7E6F0CA02314F5A700D81340 /* Products */ = {
			isa = PBXGroup;
			children = (
				7E6F0C9F2314F5A700D81340 /* CCPDate.app */,
			);
			name = Products;
			sourceTree = "<group>";
		};
		7E6F0CA12314F5A700D81340 /* CCPDate */ = {
			isa = PBXGroup;
			children = (
				7E6F0CB42314F5E900D81340 /* CCPDateExtensions */,
				7E6F0CA22314F5A700D81340 /* AppDelegate.swift */,
				7E6F0CA42314F5A700D81340 /* DateDescriptionVC.swift */,
				7E6F0CD0231533DA00D81340 /* DateComponentsVC.swift */,
				7E6F0CD2231657C900D81340 /* DateCompareVC.swift */,
				7E6F0CA62314F5A700D81340 /* Main.storyboard */,
				7E6F0CA92314F5A800D81340 /* Assets.xcassets */,
				7E6F0CAB2314F5A800D81340 /* LaunchScreen.storyboard */,
				7E6F0CAE2314F5A800D81340 /* Info.plist */,
			);
			path = CCPDate;
			sourceTree = "<group>";
		};
		7E6F0CB42314F5E900D81340 /* CCPDateExtensions */ = {
			isa = PBXGroup;
			children = (
				7E6F0CB72314F89800D81340 /* CCPDate.swift */,
				7E6F0CBB2314FA2A00D81340 /* CCPDateCalculation.swift */,
				7E6F0CBD2314FA3300D81340 /* CCPDateDescription.swift */,
				7E6F0CBF2314FD0500D81340 /* CCPDateComponents.swift */,
			);
			path = CCPDateExtensions;
			sourceTree = "<group>";
		};
/* End PBXGroup section */

/* Begin PBXNativeTarget section */
		7E6F0C9E2314F5A700D81340 /* CCPDate */ = {
			isa = PBXNativeTarget;
			buildConfigurationList = 7E6F0CB12314F5A800D81340 /* Build configuration list for PBXNativeTarget "CCPDate" */;
			buildPhases = (
				7E6F0C9B2314F5A700D81340 /* Sources */,
				7E6F0C9C2314F5A700D81340 /* Frameworks */,
				7E6F0C9D2314F5A700D81340 /* Resources */,
			);
			buildRules = (
			);
			dependencies = (
			);
			name = CCPDate;
			productName = CCPDate;
			productReference = 7E6F0C9F2314F5A700D81340 /* CCPDate.app */;
			productType = "com.apple.product-type.application";
		};
/* End PBXNativeTarget section */

/* Begin PBXProject section */
		7E6F0C972314F5A700D81340 /* Project object */ = {
			isa = PBXProject;
			attributes = {
				LastSwiftUpdateCheck = 1020;
				LastUpgradeCheck = 1020;
				ORGANIZATIONNAME = "cool-ccp";
				TargetAttributes = {
					7E6F0C9E2314F5A700D81340 = {
						CreatedOnToolsVersion = 10.2.1;
					};
				};
			};
			buildConfigurationList = 7E6F0C9A2314F5A700D81340 /* Build configuration list for PBXProject "CCPDate" */;
			compatibilityVersion = "Xcode 9.3";
			developmentRegion = en;
			hasScannedForEncodings = 0;
			knownRegions = (
				en,
				Base,
			);
			mainGroup = 7E6F0C962314F5A700D81340;
			productRefGroup = 7E6F0CA02314F5A700D81340 /* Products */;
			projectDirPath = "";
			projectRoot = "";
			targets = (
				7E6F0C9E2314F5A700D81340 /* CCPDate */,
			);
		};
/* End PBXProject section */

/* Begin PBXResourcesBuildPhase section */
		7E6F0C9D2314F5A700D81340 /* Resources */ = {
			isa = PBXResourcesBuildPhase;
			buildActionMask = 2147483647;
			files = (
				7E6F0CAD2314F5A800D81340 /* LaunchScreen.storyboard in Resources */,
				7E6F0CAA2314F5A800D81340 /* Assets.xcassets in Resources */,
				7E6F0CA82314F5A700D81340 /* Main.storyboard in Resources */,
			);
			runOnlyForDeploymentPostprocessing = 0;
		};
/* End PBXResourcesBuildPhase section */

/* Begin PBXSourcesBuildPhase section */
		7E6F0C9B2314F5A700D81340 /* Sources */ = {
			isa = PBXSourcesBuildPhase;
			buildActionMask = 2147483647;
			files = (
				7E6F0CBC2314FA2A00D81340 /* CCPDateCalculation.swift in Sources */,
				7E6F0CB82314F89800D81340 /* CCPDate.swift in Sources */,
				7E6F0CA52314F5A700D81340 /* DateDescriptionVC.swift in Sources */,
				7E6F0CC02314FD0500D81340 /* CCPDateComponents.swift in Sources */,
				7E6F0CD3231657C900D81340 /* DateCompareVC.swift in Sources */,
				7E6F0CD1231533DA00D81340 /* DateComponentsVC.swift in Sources */,
				7E6F0CA32314F5A700D81340 /* AppDelegate.swift in Sources */,
				7E6F0CBE2314FA3300D81340 /* CCPDateDescription.swift in Sources */,
			);
			runOnlyForDeploymentPostprocessing = 0;
		};
/* End PBXSourcesBuildPhase section */

/* Begin PBXVariantGroup section */
		7E6F0CA62314F5A700D81340 /* Main.storyboard */ = {
			isa = PBXVariantGroup;
			children = (
				7E6F0CA72314F5A700D81340 /* Base */,
			);
			name = Main.storyboard;
			sourceTree = "<group>";
		};
		7E6F0CAB2314F5A800D81340 /* LaunchScreen.storyboard */ = {
			isa = PBXVariantGroup;
			children = (
				7E6F0CAC2314F5A800D81340 /* Base */,
			);
			name = LaunchScreen.storyboard;
			sourceTree = "<group>";
		};
/* End PBXVariantGroup section */

/* Begin XCBuildConfiguration section */
		7E6F0CAF2314F5A800D81340 /* Debug */ = {
			isa = XCBuildConfiguration;
			buildSettings = {
				ALWAYS_SEARCH_USER_PATHS = NO;
				CLANG_ANALYZER_NONNULL = YES;
				CLANG_ANALYZER_NUMBER_OBJECT_CONVERSION = YES_AGGRESSIVE;
				CLANG_CXX_LANGUAGE_STANDARD = "gnu++14";
				CLANG_CXX_LIBRARY = "libc++";
				CLANG_ENABLE_MODULES = YES;
				CLANG_ENABLE_OBJC_ARC = YES;
				CLANG_ENABLE_OBJC_WEAK = YES;
				CLANG_WARN_BLOCK_CAPTURE_AUTORELEASING = YES;
				CLANG_WARN_BOOL_CONVERSION = YES;
				CLANG_WARN_COMMA = YES;
				CLANG_WARN_CONSTANT_CONVERSION = YES;
				CLANG_WARN_DEPRECATED_OBJC_IMPLEMENTATIONS = YES;
				CLANG_WARN_DIRECT_OBJC_ISA_USAGE = YES_ERROR;
				CLANG_WARN_DOCUMENTATION_COMMENTS = YES;
				CLANG_WARN_EMPTY_BODY = YES;
				CLANG_WARN_ENUM_CONVERSION = YES;
				CLANG_WARN_INFINITE_RECURSION = YES;
				CLANG_WARN_INT_CONVERSION = YES;
				CLANG_WARN_NON_LITERAL_NULL_CONVERSION = YES;
				CLANG_WARN_OBJC_IMPLICIT_RETAIN_SELF = YES;
				CLANG_WARN_OBJC_LITERAL_CONVERSION = YES;
				CLANG_WARN_OBJC_ROOT_CLASS = YES_ERROR;
				CLANG_WARN_RANGE_LOOP_ANALYSIS = YES;
				CLANG_WARN_STRICT_PROTOTYPES = YES;
				CLANG_WARN_SUSPICIOUS_MOVE = YES;
				CLANG_WARN_UNGUARDED_AVAILABILITY = YES_AGGRESSIVE;
				CLANG_WARN_UNREACHABLE_CODE = YES;
				CLANG_WARN__DUPLICATE_METHOD_MATCH = YES;
				CODE_SIGN_IDENTITY = "iPhone Developer";
				COPY_PHASE_STRIP = NO;
				DEBUG_INFORMATION_FORMAT = dwarf;
				ENABLE_STRICT_OBJC_MSGSEND = YES;
				ENABLE_TESTABILITY = YES;
				GCC_C_LANGUAGE_STANDARD = gnu11;
				GCC_DYNAMIC_NO_PIC = NO;
				GCC_NO_COMMON_BLOCKS = YES;
				GCC_OPTIMIZATION_LEVEL = 0;
				GCC_PREPROCESSOR_DEFINITIONS = (
					"DEBUG=1",
					"$(inherited)",
				);
				GCC_WARN_64_TO_32_BIT_CONVERSION = YES;
				GCC_WARN_ABOUT_RETURN_TYPE = YES_ERROR;
				GCC_WARN_UNDECLARED_SELECTOR = YES;
				GCC_WARN_UNINITIALIZED_AUTOS = YES_AGGRESSIVE;
				GCC_WARN_UNUSED_FUNCTION = YES;
				GCC_WARN_UNUSED_VARIABLE = YES;
				IPHONEOS_DEPLOYMENT_TARGET = 12.2;
				MTL_ENABLE_DEBUG_INFO = INCLUDE_SOURCE;
				MTL_FAST_MATH = YES;
				ONLY_ACTIVE_ARCH = YES;
				SDKROOT = iphoneos;
				SWIFT_ACTIVE_COMPILATION_CONDITIONS = DEBUG;
				SWIFT_OPTIMIZATION_LEVEL = "-Onone";
			};
			name = Debug;
		};
		7E6F0CB02314F5A800D81340 /* Release */ = {
			isa = XCBuildConfiguration;
			buildSettings = {
				ALWAYS_SEARCH_USER_PATHS = NO;
				CLANG_ANALYZER_NONNULL = YES;
				CLANG_ANALYZER_NUMBER_OBJECT_CONVERSION = YES_AGGRESSIVE;
				CLANG_CXX_LANGUAGE_STANDARD = "gnu++14";
				CLANG_CXX_LIBRARY = "libc++";
				CLANG_ENABLE_MODULES = YES;
				CLANG_ENABLE_OBJC_ARC = YES;
				CLANG_ENABLE_OBJC_WEAK = YES;
				CLANG_WARN_BLOCK_CAPTURE_AUTORELEASING = YES;
				CLANG_WARN_BOOL_CONVERSION = YES;
				CLANG_WARN_COMMA = YES;
				CLANG_WARN_CONSTANT_CONVERSION = YES;
				CLANG_WARN_DEPRECATED_OBJC_IMPLEMENTATIONS = YES;
				CLANG_WARN_DIRECT_OBJC_ISA_USAGE = YES_ERROR;
				CLANG_WARN_DOCUMENTATION_COMMENTS = YES;
				CLANG_WARN_EMPTY_BODY = YES;
				CLANG_WARN_ENUM_CONVERSION = YES;
				CLANG_WARN_INFINITE_RECURSION = YES;
				CLANG_WARN_INT_CONVERSION = YES;
				CLANG_WARN_NON_LITERAL_NULL_CONVERSION = YES;
				CLANG_WARN_OBJC_IMPLICIT_RETAIN_SELF = YES;
				CLANG_WARN_OBJC_LITERAL_CONVERSION = YES;
				CLANG_WARN_OBJC_ROOT_CLASS = YES_ERROR;
				CLANG_WARN_RANGE_LOOP_ANALYSIS = YES;
				CLANG_WARN_STRICT_PROTOTYPES = YES;
				CLANG_WARN_SUSPICIOUS_MOVE = YES;
				CLANG_WARN_UNGUARDED_AVAILABILITY = YES_AGGRESSIVE;
				CLANG_WARN_UNREACHABLE_CODE = YES;
				CLANG_WARN__DUPLICATE_METHOD_MATCH = YES;
				CODE_SIGN_IDENTITY = "iPhone Developer";
				COPY_PHASE_STRIP = NO;
				DEBUG_INFORMATION_FORMAT = "dwarf-with-dsym";
				ENABLE_NS_ASSERTIONS = NO;
				ENABLE_STRICT_OBJC_MSGSEND = YES;
				GCC_C_LANGUAGE_STANDARD = gnu11;
				GCC_NO_COMMON_BLOCKS = YES;
				GCC_WARN_64_TO_32_BIT_CONVERSION = YES;
				GCC_WARN_ABOUT_RETURN_TYPE = YES_ERROR;
				GCC_WARN_UNDECLARED_SELECTOR = YES;
				GCC_WARN_UNINITIALIZED_AUTOS = YES_AGGRESSIVE;
				GCC_WARN_UNUSED_FUNCTION = YES;
				GCC_WARN_UNUSED_VARIABLE = YES;
				IPHONEOS_DEPLOYMENT_TARGET = 12.2;
				MTL_ENABLE_DEBUG_INFO = NO;
				MTL_FAST_MATH = YES;
				SDKROOT = iphoneos;
				SWIFT_COMPILATION_MODE = wholemodule;
				SWIFT_OPTIMIZATION_LEVEL = "-O";
				VALIDATE_PRODUCT = YES;
			};
			name = Release;
		};
		7E6F0CB22314F5A800D81340 /* Debug */ = {
			isa = XCBuildConfiguration;
			buildSettings = {
				ASSETCATALOG_COMPILER_APPICON_NAME = AppIcon;
				CODE_SIGN_STYLE = Automatic;
				DEVELOPMENT_TEAM = 46YMQCHAFY;
				INFOPLIST_FILE = CCPDate/Info.plist;
				IPHONEOS_DEPLOYMENT_TARGET = 11.1;
				LD_RUNPATH_SEARCH_PATHS = (
					"$(inherited)",
					"@executable_path/Frameworks",
				);
				PRODUCT_BUNDLE_IDENTIFIER = "cool-ccp.CCPDate.com";
				PRODUCT_NAME = "$(TARGET_NAME)";
				SWIFT_VERSION = 5.0;
				TARGETED_DEVICE_FAMILY = "1,2";
			};
			name = Debug;
		};
		7E6F0CB32314F5A800D81340 /* Release */ = {
			isa = XCBuildConfiguration;
			buildSettings = {
				ASSETCATALOG_COMPILER_APPICON_NAME = AppIcon;
				CODE_SIGN_STYLE = Automatic;
				DEVELOPMENT_TEAM = 46YMQCHAFY;
				INFOPLIST_FILE = CCPDate/Info.plist;
				IPHONEOS_DEPLOYMENT_TARGET = 11.1;
				LD_RUNPATH_SEARCH_PATHS = (
					"$(inherited)",
					"@executable_path/Frameworks",
				);
				PRODUCT_BUNDLE_IDENTIFIER = "cool-ccp.CCPDate.com";
				PRODUCT_NAME = "$(TARGET_NAME)";
				SWIFT_VERSION = 5.0;
				TARGETED_DEVICE_FAMILY = "1,2";
			};
			name = Release;
		};
/* End XCBuildConfiguration section */

/* Begin XCConfigurationList section */
		7E6F0C9A2314F5A700D81340 /* Build configuration list for PBXProject "CCPDate" */ = {
			isa = XCConfigurationList;
			buildConfigurations = (
				7E6F0CAF2314F5A800D81340 /* Debug */,
				7E6F0CB02314F5A800D81340 /* Release */,
			);
			defaultConfigurationIsVisible = 0;
			defaultConfigurationName = Release;
		};
		7E6F0CB12314F5A800D81340 /* Build configuration list for PBXNativeTarget "CCPDate" */ = {
			isa = XCConfigurationList;
			buildConfigurations = (
				7E6F0CB22314F5A800D81340 /* Debug */,
				7E6F0CB32314F5A800D81340 /* Release */,
			);
			defaultConfigurationIsVisible = 0;
			defaultConfigurationName = Release;
		};
/* End XCConfigurationList section */
	};
	rootObject = 7E6F0C972314F5A700D81340 /* Project object */;
}
